
Microsoft Visual Studio Solution File, Format Version 12.00
# Visual Studio Version 17
VisualStudioVersion = 17.5.002.0
MinimumVisualStudioVersion = 10.0.40219.1
Project("{9A19103F-16F7-4668-BE54-9A1E7A4F7556}") = "DesktopApp", "DesktopApp.csproj", "{55B25995-2118-4A1B-8626-020D496DE6DE}"
EndProject
Global
	GlobalSection(SolutionConfigurationPlatforms) = preSolution
		Debug|Any CPU = Debug|Any CPU
		Release|Any CPU = Release|Any CPU
	EndGlobalSection
	GlobalSection(ProjectConfigurationPlatforms) = postSolution
		{55B25995-2118-4A1B-8626-020D496DE6DE}.Debug|Any CPU.ActiveCfg = Debug|Any CPU
		{55B25995-2118-4A1B-8626-020D496DE6DE}.Debug|Any CPU.Build.0 = Debug|Any CPU
		{55B25995-2118-4A1B-8626-020D496DE6DE}.Release|Any CPU.ActiveCfg = Release|Any CPU
		{55B25995-2118-4A1B-8626-020D496DE6DE}.Release|Any CPU.Build.0 = Release|Any CPU
	EndGlobalSection
	GlobalSection(SolutionProperties) = preSolution
		HideSolutionNode = FALSE
	EndGlobalSection
	GlobalSection(ExtensibilityGlobals) = postSolution
		SolutionGuid = {45C85EB2-EDDF-4D1C-A026-B8E99D432A3E}
	EndGlobalSection
EndGlobal
